<?xml version="1.0" encoding="utf-8"?>
<Project ToolsVersion="4.0" xmlns="http://schemas.microsoft.com/developer/msbuild/2003">
  <ItemGroup>
    <Filter Include="Fichiers sources">
      <UniqueIdentifier>{4FC737F1-C7A5-4376-A066-2A32D752A2FF}</UniqueIdentifier>
      <Extensions>cpp;c;cc;cxx;def;odl;idl;hpj;bat;asm;asmx</Extensions>
    </Filter>
    <Filter Include="Fichiers d%27en-tête">
      <UniqueIdentifier>{93995380-89BD-4b04-88EB-625FBE52EBFB}</UniqueIdentifier>
      <Extensions>h;hh;hpp;hxx;hm;inl;inc;xsd</Extensions>
    </Filter>
    <Filter Include="Fichiers de ressources">
      <UniqueIdentifier>{67DA6AB6-F800-4c08-8B7A-83BB121AAD01}</UniqueIdentifier>
      <Extensions>rc;ico;cur;bmp;dlg;rc2;rct;bin;rgs;gif;jpg;jpeg;jpe;resx;tiff;tif;png;wav;mfcribbon-ms</Extensions>
    </Filter>
    <Filter Include="Tests">
      <UniqueIdentifier>{5751a5f4-0d16-4878-ae40-7ed4de058782}</UniqueIdentifier>
    </Filter>
    <Filter Include="Tests\Source Files">
      <UniqueIdentifier>{48e015ea-8d48-4668-9e41-cfd40d2454f2}</UniqueIdentifier>
    </Filter>
    <Filter Include="Tests\Configuration">
      <UniqueIdentifier>{ee1546c2-23d6-4224-866e-0d64a8f54086}</UniqueIdentifier>
    </Filter>
  </ItemGroup>
  <ItemGroup>
    <ClInclude Include="..\..\include\Engine_Order.h">
      <Filter>Fichiers d%27en-tête</Filter>
    </ClInclude>
    <ClInclude Include="..\..\include\Engine_OrderContainer.h">
      <Filter>Fichiers d%27en-tête</Filter>
    </ClInclude>
    <ClInclude Include="..\..\include\Engine_OrderContainer.hxx">
      <Filter>Fichiers d%27en-tête</Filter>
    </ClInclude>
    <ClInclude Include="..\..\include\Engine_Deal.h">
      <Filter>Fichiers d%27en-tête</Filter>
    </ClInclude>
    <ClInclude Include="..\..\include\Engine_Tools.h">
      <Filter>Fichiers d%27en-tête</Filter>
    </ClInclude>
    <ClInclude Include="..\..\include\Engine_OrderBook.h">
      <Filter>Fichiers d%27en-tête</Filter>
    </ClInclude>
    <ClInclude Include="..\..\include\Engine_Defines.h">
      <Filter>Fichiers d%27en-tête</Filter>
    </ClInclude>
    <ClInclude Include="..\..\include\Engine_MatchingEngine.h">
      <Filter>Fichiers d%27en-tête</Filter>
    </ClInclude>
    <ClInclude Include="..\..\include\Engine_OrderBook.hxx">
      <Filter>Fichiers d%27en-tête</Filter>
    </ClInclude>
    <ClInclude Include="..\..\include\Engine_Instrument.h">
      <Filter>Fichiers d%27en-tête</Filter>
    </ClInclude>
    <ClInclude Include="..\..\include\Engine_MatchingEngine.hxx">
      <Filter>Fichiers d%27en-tête</Filter>
    </ClInclude>
    <ClInclude Include="..\..\include\Engine_Types.h">
      <Filter>Fichiers d%27en-tête</Filter>
    </ClInclude>
    <ClInclude Include="..\..\include\Engine_EventHandler.h">
      <Filter>Fichiers d%27en-tête</Filter>
    </ClInclude>
    <ClInclude Include="..\..\include\Engine_Status.h">
      <Filter>Fichiers d%27en-tête</Filter>
    </ClInclude>
  </ItemGroup>
  <ItemGroup>
    <ClCompile Include="..\..\src\Engine_Order.cpp">
      <Filter>Fichiers sources</Filter>
    </ClCompile>
    <ClCompile Include="..\..\tests\src\test_OrderContainer.cpp">
      <Filter>Tests\Source Files</Filter>
    </ClCompile>
    <ClCompile Include="..\..\src\Engine_Deal.cpp">
      <Filter>Fichiers sources</Filter>
    </ClCompile>
    <ClCompile Include="..\..\src\Engine_OrderBook.cpp">
      <Filter>Fichiers sources</Filter>
    </ClCompile>
    <ClCompile Include="..\..\tests\src\test_MatchingEngine.cpp">
      <Filter>Tests\Source Files</Filter>
    </ClCompile>
    <ClCompile Include="..\..\tests\src\test_OrderBook.cpp">
      <Filter>Tests\Source Files</Filter>
    </ClCompile>
    <ClCompile Include="..\..\tests\src\test_IntrumentManager.cpp">
      <Filter>Tests\Source Files</Filter>
    </ClCompile>
    <ClCompile Include="..\..\src\Engine_Types.cpp">
      <Filter>Fichiers sources</Filter>
    </ClCompile>
    <ClCompile Include="..\..\src\Engine_EventHandler.cpp">
      <Filter>Fichiers sources</Filter>
    </ClCompile>
  </ItemGroup>
  <ItemGroup>
    <None Include="..\..\wscript" />
    <None Include="..\..\tests\config\config.ini">
      <Filter>Tests\Configuration</Filter>
    </None>
    <None Include="..\..\config\config.ini">
      <Filter>Fichiers de ressources</Filter>
    </None>
    <None Include="..\..\tests\config\config_always_closed.ini">
      <Filter>Tests\Configuration</Filter>
    </None>
    <None Include="..\..\tests\config\corrupted_db_config.ini">
      <Filter>Tests\Configuration</Filter>
    </None>
    <None Include="..\..\tests\config\invalid_config.ini">
      <Filter>Tests\Configuration</Filter>
    </None>
    <None Include="..\..\tests\config\missing_instrument_db_config.ini">
      <Filter>Tests\Configuration</Filter>
    </None>
    <None Include="..\..\tests\config\invalid_auction_offset.ini">
      <Filter>Tests\Configuration</Filter>
    </None>
  </ItemGroup>
  <ItemGroup>
    <Xml Include="..\..\tests\config\pom.xml">
      <Filter>Tests\Configuration</Filter>
    </Xml>
  </ItemGroup>
</Project>