
Microsoft Visual Studio Solution File, Format Version 12.00
# Visual Studio 2013
VisualStudioVersion = 12.0.31101.0
MinimumVisualStudioVersion = 10.0.40219.1
Project("{2150E333-8FDC-42A3-9474-1A3956D46DE8}") = "Solution Items", "Solution Items", "{93860EF1-9873-40D7-9501-CC91650B0ED7}"
	ProjectSection(SolutionItems) = preProject
		..\..\README.md = ..\..\README.md
		..\..\wscript = ..\..\wscript
	EndProjectSection
EndProject
Project("{8BC9CEB8-8B4A-11D0-8D11-00A0C91BC942}") = "common", "..\..\common\projects\vc120\common.vcxproj", "{9FE61443-ACAF-4B40-B2D5-BFB05A7DF18A}"
EndProject
Project("{8BC9CEB8-8B4A-11D0-8D11-00A0C91BC942}") = "matching-engine", "..\..\matching-engine\projects\vc120\matching-engine.vcxproj", "{EB93786B-4CFB-41ED-A1C8-7FB7EBDB4503}"
EndProject
Project("{2150E333-8FDC-42A3-9474-1A3956D46DE8}") = "waf_tools", "waf_tools", "{62AD444F-60DD-46EA-B23B-8A56770F89FC}"
	ProjectSection(SolutionItems) = preProject
		..\..\waf_tools\__init__.py = ..\..\waf_tools\__init__.py
	EndProjectSection
EndProject
Global
	GlobalSection(SolutionConfigurationPlatforms) = preSolution
		Debug|Win32 = Debug|Win32
		Release|Win32 = Release|Win32
	EndGlobalSection
	GlobalSection(ProjectConfigurationPlatforms) = postSolution
		{9FE61443-ACAF-4B40-B2D5-BFB05A7DF18A}.Debug|Win32.ActiveCfg = Debug|Win32
		{9FE61443-ACAF-4B40-B2D5-BFB05A7DF18A}.Debug|Win32.Build.0 = Debug|Win32
		{9FE61443-ACAF-4B40-B2D5-BFB05A7DF18A}.Release|Win32.ActiveCfg = Release|Win32
		{9FE61443-ACAF-4B40-B2D5-BFB05A7DF18A}.Release|Win32.Build.0 = Release|Win32
		{EB93786B-4CFB-41ED-A1C8-7FB7EBDB4503}.Debug|Win32.ActiveCfg = Debug|Win32
		{EB93786B-4CFB-41ED-A1C8-7FB7EBDB4503}.Debug|Win32.Build.0 = Debug|Win32
		{EB93786B-4CFB-41ED-A1C8-7FB7EBDB4503}.Release|Win32.ActiveCfg = Release|Win32
		{EB93786B-4CFB-41ED-A1C8-7FB7EBDB4503}.Release|Win32.Build.0 = Release|Win32
	EndGlobalSection
	GlobalSection(SolutionProperties) = preSolution
		HideSolutionNode = FALSE
	EndGlobalSection
EndGlobal
